uuid: b00691d7-2662-4c34-aab6-a7eb109315ad
langcode: en
status: true
dependencies:
  module:
    - mentor
  theme:
    - bartik
id: mentorrolesblock
theme: bartik
region: sidebar_first
weight: 0
provider: null
plugin: mentor_roles
settings:
  id: mentor_roles
  label: 'Mentor: Roles block'
  provider: mentor
  label_display: visible
visibility: {  }
