uuid: 721c67c7-dadd-4235-8ecd-8e74cef8c07c
langcode: en
status: true
dependencies:
  module:
    - mentor
  theme:
    - bartik
id: mentorexampleblock
theme: bartik
region: sidebar_first
weight: 0
provider: null
plugin: mentor_example
settings:
  id: mentor_example
  label: 'Mentor: Example block'
  provider: mentor
  label_display: visible
  mentee: 'no one'
  mentor: ''
visibility: {  }
