uuid: 48623f3e-4c2d-4fec-b315-e915db775735
langcode: en
status: true
dependencies:
  module:
    - mentor
  theme:
    - bartik
id: mentorexampleblock
theme: bartik
region: sidebar_first
weight: 0
provider: null
plugin: mentor_example
settings:
  id: mentor_example
  label: 'Mentor: Example block'
  provider: mentor
  label_display: visible
visibility: {  }
